
Microsoft Visual Studio Solution File, Format Version 12.00
# Visual Studio 15
VisualStudioVersion = 15.0.26730.16
MinimumVisualStudioVersion = 10.0.40219.1
Project("{FAE04EC0-301F-11D3-BF4B-00C04F79EFBC}") = "BattleShip Game", "BattleShip Game\BattleShip Game.csproj", "{94D825A4-2C58-41C0-B306-BD6BF01316A8}"
EndProject
Global
	GlobalSection(SolutionConfigurationPlatforms) = preSolution
		Debug|Any CPU = Debug|Any CPU
		Release|Any CPU = Release|Any CPU
	EndGlobalSection
	GlobalSection(ProjectConfigurationPlatforms) = postSolution
		{94D825A4-2C58-41C0-B306-BD6BF01316A8}.Debug|Any CPU.ActiveCfg = Debug|Any CPU
		{94D825A4-2C58-41C0-B306-BD6BF01316A8}.Debug|Any CPU.Build.0 = Debug|Any CPU
		{94D825A4-2C58-41C0-B306-BD6BF01316A8}.Release|Any CPU.ActiveCfg = Release|Any CPU
		{94D825A4-2C58-41C0-B306-BD6BF01316A8}.Release|Any CPU.Build.0 = Release|Any CPU
	EndGlobalSection
	GlobalSection(SolutionProperties) = preSolution
		HideSolutionNode = FALSE
	EndGlobalSection
	GlobalSection(ExtensibilityGlobals) = postSolution
		SolutionGuid = {C43B7A2E-556F-4E11-9F8A-A90F81D78D23}
	EndGlobalSection
EndGlobal
